
Microsoft Visual Studio Solution File, Format Version 12.00
# Visual Studio Version 17
VisualStudioVersion = 17.8.34525.116
MinimumVisualStudioVersion = 10.0.40219.1
Project("{9A19103F-16F7-4668-BE54-9A1E7A4F7556}") = "Sheenam.Api", "Sheenam.Api\Sheenam.Api.csproj", "{A2D6803E-85AC-471D-8240-A5C4CD45CC4C}"
EndProject
Project("{FAE04EC0-301F-11D3-BF4B-00C04F79EFBC}") = "Sheenam.Api.Tests.Unit", "Sheenam.Api.Tests.Unit\Sheenam.Api.Tests.Unit.csproj", "{D1CA3B05-06F0-4787-8866-E138EC647F02}"
EndProject
Project("{FAE04EC0-301F-11D3-BF4B-00C04F79EFBC}") = "Sheenam.Api.Infrastructure.Build", "Sheenam.Api.Infrastructure.Build\Sheenam.Api.Infrastructure.Build.csproj", "{B094F38B-DDD2-434F-87A4-27972114FD88}"
EndProject
Global
	GlobalSection(SolutionConfigurationPlatforms) = preSolution
		Debug|Any CPU = Debug|Any CPU
		Release|Any CPU = Release|Any CPU
	EndGlobalSection
	GlobalSection(ProjectConfigurationPlatforms) = postSolution
		{A2D6803E-85AC-471D-8240-A5C4CD45CC4C}.Debug|Any CPU.ActiveCfg = Debug|Any CPU
		{A2D6803E-85AC-471D-8240-A5C4CD45CC4C}.Debug|Any CPU.Build.0 = Debug|Any CPU
		{A2D6803E-85AC-471D-8240-A5C4CD45CC4C}.Release|Any CPU.ActiveCfg = Release|Any CPU
		{A2D6803E-85AC-471D-8240-A5C4CD45CC4C}.Release|Any CPU.Build.0 = Release|Any CPU
		{D1CA3B05-06F0-4787-8866-E138EC647F02}.Debug|Any CPU.ActiveCfg = Debug|Any CPU
		{D1CA3B05-06F0-4787-8866-E138EC647F02}.Debug|Any CPU.Build.0 = Debug|Any CPU
		{D1CA3B05-06F0-4787-8866-E138EC647F02}.Release|Any CPU.ActiveCfg = Release|Any CPU
		{D1CA3B05-06F0-4787-8866-E138EC647F02}.Release|Any CPU.Build.0 = Release|Any CPU
		{B094F38B-DDD2-434F-87A4-27972114FD88}.Debug|Any CPU.ActiveCfg = Debug|Any CPU
		{B094F38B-DDD2-434F-87A4-27972114FD88}.Debug|Any CPU.Build.0 = Debug|Any CPU
		{B094F38B-DDD2-434F-87A4-27972114FD88}.Release|Any CPU.ActiveCfg = Release|Any CPU
		{B094F38B-DDD2-434F-87A4-27972114FD88}.Release|Any CPU.Build.0 = Release|Any CPU
	EndGlobalSection
	GlobalSection(SolutionProperties) = preSolution
		HideSolutionNode = FALSE
	EndGlobalSection
	GlobalSection(ExtensibilityGlobals) = postSolution
		SolutionGuid = {0C761D95-2754-4909-8427-90F1ABB14A94}
	EndGlobalSection
EndGlobal
